
Microsoft Visual Studio Solution File, Format Version 12.00
# Visual Studio 15
VisualStudioVersion = 15.0.26124.0
MinimumVisualStudioVersion = 15.0.26124.0
Project("{FAE04EC0-301F-11D3-BF4B-00C04F79EFBC}") = "System.Robot", "System.Robot\System.Robot.csproj", "{32409CB0-89E1-4054-856A-DA48BD9EDF98}"
EndProject
Project("{FAE04EC0-301F-11D3-BF4B-00C04F79EFBC}") = "Example", "Example\Example.csproj", "{9B7B0021-B931-4488-84E7-D4DD4C74A555}"
EndProject
Global
	GlobalSection(SolutionConfigurationPlatforms) = preSolution
		Debug|Any CPU = Debug|Any CPU
		Debug|x64 = Debug|x64
		Debug|x86 = Debug|x86
		Release|Any CPU = Release|Any CPU
		Release|x64 = Release|x64
		Release|x86 = Release|x86
	EndGlobalSection
	GlobalSection(SolutionProperties) = preSolution
		HideSolutionNode = FALSE
	EndGlobalSection
	GlobalSection(ProjectConfigurationPlatforms) = postSolution
		{32409CB0-89E1-4054-856A-DA48BD9EDF98}.Debug|Any CPU.ActiveCfg = Debug|Any CPU
		{32409CB0-89E1-4054-856A-DA48BD9EDF98}.Debug|Any CPU.Build.0 = Debug|Any CPU
		{32409CB0-89E1-4054-856A-DA48BD9EDF98}.Debug|x64.ActiveCfg = Debug|Any CPU
		{32409CB0-89E1-4054-856A-DA48BD9EDF98}.Debug|x64.Build.0 = Debug|Any CPU
		{32409CB0-89E1-4054-856A-DA48BD9EDF98}.Debug|x86.ActiveCfg = Debug|Any CPU
		{32409CB0-89E1-4054-856A-DA48BD9EDF98}.Debug|x86.Build.0 = Debug|Any CPU
		{32409CB0-89E1-4054-856A-DA48BD9EDF98}.Release|Any CPU.ActiveCfg = Release|Any CPU
		{32409CB0-89E1-4054-856A-DA48BD9EDF98}.Release|Any CPU.Build.0 = Release|Any CPU
		{32409CB0-89E1-4054-856A-DA48BD9EDF98}.Release|x64.ActiveCfg = Release|Any CPU
		{32409CB0-89E1-4054-856A-DA48BD9EDF98}.Release|x64.Build.0 = Release|Any CPU
		{32409CB0-89E1-4054-856A-DA48BD9EDF98}.Release|x86.ActiveCfg = Release|Any CPU
		{32409CB0-89E1-4054-856A-DA48BD9EDF98}.Release|x86.Build.0 = Release|Any CPU
		{9B7B0021-B931-4488-84E7-D4DD4C74A555}.Debug|Any CPU.ActiveCfg = Debug|Any CPU
		{9B7B0021-B931-4488-84E7-D4DD4C74A555}.Debug|Any CPU.Build.0 = Debug|Any CPU
		{9B7B0021-B931-4488-84E7-D4DD4C74A555}.Debug|x64.ActiveCfg = Debug|Any CPU
		{9B7B0021-B931-4488-84E7-D4DD4C74A555}.Debug|x64.Build.0 = Debug|Any CPU
		{9B7B0021-B931-4488-84E7-D4DD4C74A555}.Debug|x86.ActiveCfg = Debug|Any CPU
		{9B7B0021-B931-4488-84E7-D4DD4C74A555}.Debug|x86.Build.0 = Debug|Any CPU
		{9B7B0021-B931-4488-84E7-D4DD4C74A555}.Release|Any CPU.ActiveCfg = Release|Any CPU
		{9B7B0021-B931-4488-84E7-D4DD4C74A555}.Release|Any CPU.Build.0 = Release|Any CPU
		{9B7B0021-B931-4488-84E7-D4DD4C74A555}.Release|x64.ActiveCfg = Release|Any CPU
		{9B7B0021-B931-4488-84E7-D4DD4C74A555}.Release|x64.Build.0 = Release|Any CPU
		{9B7B0021-B931-4488-84E7-D4DD4C74A555}.Release|x86.ActiveCfg = Release|Any CPU
		{9B7B0021-B931-4488-84E7-D4DD4C74A555}.Release|x86.Build.0 = Release|Any CPU
	EndGlobalSection
EndGlobal
